lockfileVersion: '9.0'

settings:
  autoInstallPeers: true
  excludeLinksFromLockfile: false

importers:

  .:
    dependencies:
      chalk:
        specifier: 5.4.1
        version: 5.4.1
      commander:
        specifier: 14.0.2
        version: 14.0.2
      yocto-spinner:
        specifier: 1.0.0
        version: 1.0.0
    devDependencies:
      '@types/node':
        specifier: 22.15.3
        version: 22.15.3
      typescript:
        specifier: 5.8.3
        version: 5.8.3

packages:

  '@types/node@22.15.3':
    resolution: {integrity: sha512-lX7HFZeHf4QG/J7tBZqrCAXwz9J5RD56Y6MpP0eJkka8p+K0RY/yBTW7CYFJ4VGCclxqOLKmiGP5juQc6MKgcw==}

  chalk@5.4.1:
    resolution: {integrity: sha512-zgVZuo2WcZgfUEmsn6eO3kINexW8RAE4maiQ8QNs8CtpPCSyMiYsULR3HQYkm3w8FIA3SberyMJMSldGsW+U3w==}
    engines: {node: ^12.17.0 || ^14.13 || >=16.0.0}

  commander@14.0.2:
    resolution: {integrity: sha512-TywoWNNRbhoD0BXs1P3ZEScW8W5iKrnbithIl0YH+uCmBd0QpPOA8yc82DS3BIE5Ma6FnBVUsJ7wVUDz4dvOWQ==}
    engines: {node: '>=20'}

  typescript@5.8.3:
    resolution: {integrity: sha512-p1diW6TqL9L07nNxvRMM7hMMw4c5XOo/1ibL4aAIGmSAt9slTE1Xgw5KWuof2uTOvCg9BY7ZRi+GaF+7sfgPeQ==}
    engines: {node: '>=14.17'}
    hasBin: true

  undici-types@6.21.0:
    resolution: {integrity: sha512-iwDZqg0QAGrg9Rav5H4n0M64c3mkR59cJ6wQp+7C4nI0gsmExaedaYLNO44eT4AtBBwjbTiGPMlt2Md0T9H9JQ==}

  yocto-spinner@1.0.0:
    resolution: {integrity: sha512-VPX8P/+Z2Fnpx8PC/JELbxp3QRrBxjAekio6yulGtA5gKt9YyRc5ycCb+NHgZCbZ0kx9KxwZp7gC6UlrCcCdSQ==}
    engines: {node: '>=18.19'}

  yoctocolors@2.1.2:
    resolution: {integrity: sha512-CzhO+pFNo8ajLM2d2IW/R93ipy99LWjtwblvC1RsoSUMZgyLbYFr221TnSNT7GjGdYui6P459mw9JH/g/zW2ug==}
    engines: {node: '>=18'}

snapshots:

  '@types/node@22.15.3':
    dependencies:
      undici-types: 6.21.0

  chalk@5.4.1: {}

  commander@14.0.2: {}

  typescript@5.8.3: {}

  undici-types@6.21.0: {}

  yocto-spinner@1.0.0:
    dependencies:
      yoctocolors: 2.1.2

  yoctocolors@2.1.2: {}
